lockfile_version: '1'
generated_at: '2026-04-08T19:46:18.483240+00:00'
apm_version: 0.8.9
dependencies:
- repo_url: anthropics/skills
  host: github.com
  resolved_commit: ca1e7dc13c0ab5e2dfaa6de71991cd951b8f1cf2
  virtual_path: skills/frontend-design
  is_virtual: true
  package_type: claude_skill
  deployed_files:
  - .github/skills/frontend-design
  content_hash: sha256:063a0e6448123cd359ad0044cc46b0e490cc7964d45ef4bb9fd842bd2ffbca67
- repo_url: github/awesome-copilot
  host: github.com
  virtual_path: instructions/a11y.instructions.md
  is_virtual: true
  deployed_files:
  - .github/instructions/a11y.instructions.md
  content_hash: sha256:3738d5add20c7c16e82016bdb1d3aa17b952fbb8ecd453861f4f1f2cdfebc5b7
- repo_url: github/awesome-copilot
  host: github.com
  virtual_path: instructions/markdown-gfm.instructions.md
  is_virtual: true
  deployed_files:
  - .github/instructions/markdown-gfm.instructions.md
  content_hash: sha256:229c705e168b2fc6f74baa1ac25281357c7bee73c9a8636cb898ce0640572f1c
- repo_url: github/awesome-copilot
  host: github.com
  virtual_path: instructions/nodejs-javascript-vitest.instructions.md
  is_virtual: true
  deployed_files:
  - .github/instructions/nodejs-javascript-vitest.instructions.md
  content_hash: sha256:f4fef1f6f76d349031fbefebf03cb589a7261efceb33e89212d944e5ebb25902
- repo_url: github/awesome-copilot
  host: github.com
  virtual_path: instructions/playwright-typescript.instructions.md
  is_virtual: true
  deployed_files:
  - .github/instructions/playwright-typescript.instructions.md
  content_hash: sha256:60a426896cc9bbb126c0b44545058a2896a8a08a85e740d78fbc4a4aa18a3670
- repo_url: github/awesome-copilot
  host: github.com
  resolved_commit: 70701b2b542cca85c29e656a9ed633def3fc9247
  virtual_path: skills/azure-architecture-autopilot
  is_virtual: true
  package_type: claude_skill
  deployed_files:
  - .github/skills/azure-architecture-autopilot
  content_hash: sha256:2ee2e323bdfe4c37cc1f653e16a76d3ec8d41e6a6016e714acd950854e8ad9cb
- repo_url: github/awesome-copilot
  host: github.com
  resolved_commit: 70701b2b542cca85c29e656a9ed633def3fc9247
  virtual_path: skills/readme-blueprint-generator
  is_virtual: true
  package_type: claude_skill
  deployed_files:
  - .github/skills/readme-blueprint-generator
  content_hash: sha256:e2c7dabf2e455794260f1516e2ceda6a82dc92a409578cc184fcb0f45bddca54
- repo_url: github/awesome-copilot
  host: github.com
  resolved_commit: ce5a569276ec6e0c1e4ea04b2e91db7239a1a3ed
  virtual_path: skills/javascript-typescript-jest
  is_virtual: true
  package_type: claude_skill
  deployed_files:
  - .github/skills/javascript-typescript-jest
  content_hash: sha256:0073d19ab0275eb6a8200aced6789a53744667bd717b5d1f44ce708a1740e5d4
- repo_url: ricardocovo/agent-primitives
  host: github.com
  virtual_path: agents/developer.agent.md
  is_virtual: true
  deployed_files:
  - .github/agents/developer.agent.md
  content_hash: sha256:9b6e1dd031df9c39215893cede98981091a0e564410d11d9f5fbeb7c60ed9af1
- repo_url: ricardocovo/agent-primitives
  host: github.com
  virtual_path: agents/feature-spec-generator.agent.md
  is_virtual: true
  deployed_files:
  - .github/agents/feature-spec-generator.agent.md
  content_hash: sha256:f4a5ceddf4953e4edaddccf31c774dc11b9cef54b1f7e6ddb057b1368ba5a699
- repo_url: ricardocovo/agent-primitives
  host: github.com
  resolved_commit: 4103af5762d9564bcae058a9bd780240705a7dc5
  virtual_path: skills/google-authentication
  is_virtual: true
  package_type: claude_skill
  deployed_files:
  - .github/skills/google-authentication
  content_hash: sha256:7dd3118660ea32cf3852269608b388de63cb16066ee358c0634f80a00cb35317
- repo_url: ricardocovo/agent-primitives
  host: github.com
  resolved_commit: 4103af5762d9564bcae058a9bd780240705a7dc5
  virtual_path: skills/youtube-api
  is_virtual: true
  package_type: claude_skill
  deployed_files:
  - .github/skills/youtube-api
  content_hash: sha256:5071693a26060bfb87d91147492e5e081c2684cbf9c13d53d47c24a0b575e5a4
